
Microsoft Visual Studio Solution File, Format Version 12.00
# Visual Studio 2012
Project("{FAE04EC0-301F-11D3-BF4B-00C04F79EFBC}") = "AndroidIdsTool", "AndroidIdsTool\AndroidIdsTool.csproj", "{3468A149-118B-49F3-B19F-D91A2EC81248}"
EndProject
Global
	GlobalSection(SolutionConfigurationPlatforms) = preSolution
		Debug|Any CPU = Debug|Any CPU
		Release|Any CPU = Release|Any CPU
	EndGlobalSection
	GlobalSection(ProjectConfigurationPlatforms) = postSolution
		{3468A149-118B-49F3-B19F-D91A2EC81248}.Debug|Any CPU.ActiveCfg = Release|Any CPU
		{3468A149-118B-49F3-B19F-D91A2EC81248}.Debug|Any CPU.Build.0 = Release|Any CPU
		{3468A149-118B-49F3-B19F-D91A2EC81248}.Release|Any CPU.ActiveCfg = Release|Any CPU
		{3468A149-118B-49F3-B19F-D91A2EC81248}.Release|Any CPU.Build.0 = Release|Any CPU
	EndGlobalSection
	GlobalSection(SolutionProperties) = preSolution
		HideSolutionNode = FALSE
	EndGlobalSection
EndGlobal
